# Generated by pub
# See https://dart.dev/tools/pub/glossary#lockfile
packages:
  amap_core_fluttify:
    dependency: transitive
    description:
      name: amap_core_fluttify
      url: "https://pub.flutter-io.cn"
    source: hosted
    version: "0.0.12+d2eb645"
  amap_location_fluttify:
    dependency: "direct main"
    description:
      name: amap_location_fluttify
      url: "https://pub.flutter-io.cn"
    source: hosted
    version: "0.2.6+10e2842"
  async:
    dependency: transitive
    description:
      name: async
      url: "https://pub.flutter-io.cn"
    source: hosted
    version: "2.3.0"
  audioplayers:
    dependency: "direct main"
    description:
      name: audioplayers
      url: "https://pub.flutter-io.cn"
    source: hosted
    version: "0.13.2"
  badges:
    dependency: "direct main"
    description:
      name: badges
      url: "https://pub.flutter-io.cn"
    source: hosted
    version: "1.1.0"
  boolean_selector:
    dependency: transitive
    description:
      name: boolean_selector
      url: "https://pub.flutter-io.cn"
    source: hosted
    version: "1.0.5"
  charcode:
    dependency: transitive
    description:
      name: charcode
      url: "https://pub.flutter-io.cn"
    source: hosted
    version: "1.1.2"
  city_pickers:
    dependency: "direct main"
    description:
      name: city_pickers
      url: "https://pub.flutter-io.cn"
    source: hosted
    version: "0.1.28"
  collection:
    dependency: transitive
    description:
      name: collection
      url: "https://pub.flutter-io.cn"
    source: hosted
    version: "1.14.11"
  contacts_service:
    dependency: "direct main"
    description:
      name: contacts_service
      url: "https://pub.flutter-io.cn"
    source: hosted
    version: "0.2.9"
  convert:
    dependency: transitive
    description:
      name: convert
      url: "https://pub.flutter-io.cn"
    source: hosted
    version: "2.1.1"
  cookie_jar:
    dependency: transitive
    description:
      name: cookie_jar
      url: "https://pub.flutter-io.cn"
    source: hosted
    version: "1.0.1"
  crypto:
    dependency: "direct main"
    description:
      name: crypto
      url: "https://pub.flutter-io.cn"
    source: hosted
    version: "2.1.3"
  cupertino_icons:
    dependency: "direct main"
    description:
      name: cupertino_icons
      url: "https://pub.flutter-io.cn"
    source: hosted
    version: "0.1.2"
  date_range_picker:
    dependency: "direct main"
    description:
      name: date_range_picker
      url: "https://pub.flutter-io.cn"
    source: hosted
    version: "1.0.6"
  dio:
    dependency: "direct main"
    description:
      name: dio
      url: "https://pub.flutter-io.cn"
    source: hosted
    version: "2.2.2"
  extended_image:
    dependency: "direct main"
    description:
      name: extended_image
      url: "https://pub.flutter-io.cn"
    source: hosted
    version: "0.6.5"
  extended_image_library:
    dependency: transitive
    description:
      name: extended_image_library
      url: "https://pub.flutter-io.cn"
    source: hosted
    version: "0.1.8"
  flutter:
    dependency: "direct main"
    description: flutter
    source: sdk
    version: "0.0.0"
  flutter_arcface:
    dependency: "direct main"
    description:
      path: "plugin\\flutter_arcface"
      relative: true
    source: path
    version: "0.0.1"
  flutter_cupertino_date_picker:
    dependency: "direct main"
    description:
      name: flutter_cupertino_date_picker
      url: "https://pub.flutter-io.cn"
    source: hosted
    version: "1.0.12"
  flutter_datetime_picker:
    dependency: "direct main"
    description:
      name: flutter_datetime_picker
      url: "https://pub.flutter-io.cn"
    source: hosted
    version: "1.2.8"
  flutter_des:
    dependency: "direct main"
    description:
      name: flutter_des
      url: "https://pub.flutter-io.cn"
    source: hosted
    version: "1.1.0"
  flutter_exif_rotation:
    dependency: "direct main"
    description:
      name: flutter_exif_rotation
      url: "https://pub.flutter-io.cn"
    source: hosted
    version: "0.2.6"
  flutter_image_compress:
    dependency: "direct main"
    description:
      name: flutter_image_compress
      url: "https://pub.flutter-io.cn"
    source: hosted
    version: "0.6.3"
  flutter_local_notifications:
    dependency: "direct main"
    description:
      name: flutter_local_notifications
      url: "https://pub.flutter-io.cn"
    source: hosted
    version: "0.7.1+3"
  flutter_localizations:
    dependency: "direct main"
    description: flutter
    source: sdk
    version: "0.0.0"
  flutter_page_indicator:
    dependency: transitive
    description:
      name: flutter_page_indicator
      url: "https://pub.flutter-io.cn"
    source: hosted
    version: "0.0.3"
  flutter_swiper:
    dependency: "direct main"
    description:
      name: flutter_swiper
      url: "https://pub.flutter-io.cn"
    source: hosted
    version: "1.1.6"
  flutter_test:
    dependency: "direct dev"
    description: flutter
    source: sdk
    version: "0.0.0"
  flutter_umpush:
    dependency: "direct main"
    description:
      path: "plugin\\flutter_umpush"
      relative: true
    source: path
    version: "0.0.3"
  flutter_webview_plugin:
    dependency: "direct main"
    description:
      name: flutter_webview_plugin
      url: "https://pub.flutter-io.cn"
    source: hosted
    version: "0.3.8"
  fluttertoast:
    dependency: "direct main"
    description:
      name: fluttertoast
      url: "https://pub.flutter-io.cn"
    source: hosted
    version: "3.1.3"
  foundation_fluttify:
    dependency: transitive
    description:
      name: foundation_fluttify
      url: "https://pub.flutter-io.cn"
    source: hosted
    version: "0.0.9"
  gesture_password:
    dependency: "direct main"
    description:
      name: gesture_password
      url: "https://pub.flutter-io.cn"
    source: hosted
    version: "0.0.6"
  http:
    dependency: transitive
    description:
      name: http
      url: "https://pub.flutter-io.cn"
    source: hosted
    version: "0.12.0+2"
  http_client_helper:
    dependency: transitive
    description:
      name: http_client_helper
      url: "https://pub.flutter-io.cn"
    source: hosted
    version: "0.2.1"
  http_parser:
    dependency: transitive
    description:
      name: http_parser
      url: "https://pub.flutter-io.cn"
    source: hosted
    version: "3.1.3"
  image_picker:
    dependency: "direct main"
    description:
      name: image_picker
      url: "https://pub.flutter-io.cn"
    source: hosted
    version: "0.6.1+11"
  image_picker_saver:
    dependency: "direct main"
    description:
      path: "plugin\\image_picker_saver"
      relative: true
    source: path
    version: "0.3.0"
  intl:
    dependency: "direct main"
    description:
      name: intl
      url: "https://pub.flutter-io.cn"
    source: hosted
    version: "0.15.8"
  lpinyin:
    dependency: "direct main"
    description:
      name: lpinyin
      url: "https://pub.flutter-io.cn"
    source: hosted
    version: "1.0.7"
  matcher:
    dependency: transitive
    description:
      name: matcher
      url: "https://pub.flutter-io.cn"
    source: hosted
    version: "0.12.5"
  meta:
    dependency: transitive
    description:
      name: meta
      url: "https://pub.flutter-io.cn"
    source: hosted
    version: "1.1.7"
  package_info:
    dependency: "direct main"
    description:
      name: package_info
      url: "https://pub.flutter-io.cn"
    source: hosted
    version: "0.4.0+10"
  path:
    dependency: transitive
    description:
      name: path
      url: "https://pub.flutter-io.cn"
    source: hosted
    version: "1.6.4"
  path_provider:
    dependency: "direct main"
    description:
      name: path_provider
      url: "https://pub.flutter-io.cn"
    source: hosted
    version: "1.4.0"
  pedantic:
    dependency: transitive
    description:
      name: pedantic
      url: "https://pub.flutter-io.cn"
    source: hosted
    version: "1.8.0+1"
  permission_handler:
    dependency: "direct main"
    description:
      path: "plugin\\flutter_permission_handler"
      relative: true
    source: path
    version: "3.2.2"
  platform:
    dependency: transitive
    description:
      name: platform
      url: "https://pub.flutter-io.cn"
    source: hosted
    version: "2.2.1"
  provider:
    dependency: "direct main"
    description:
      name: provider
      url: "https://pub.flutter-io.cn"
    source: hosted
    version: "3.1.0+1"
  qr:
    dependency: transitive
    description:
      name: qr
      url: "https://pub.flutter-io.cn"
    source: hosted
    version: "1.2.0"
  qr_flutter:
    dependency: "direct main"
    description:
      name: qr_flutter
      url: "https://pub.flutter-io.cn"
    source: hosted
    version: "2.1.0+55"
  quiver:
    dependency: transitive
    description:
      name: quiver
      url: "https://pub.flutter-io.cn"
    source: hosted
    version: "2.0.5"
  shared_preferences:
    dependency: "direct main"
    description:
      name: shared_preferences
      url: "https://pub.flutter-io.cn"
    source: hosted
    version: "0.5.4+3"
  simple_gesture_detector:
    dependency: transitive
    description:
      name: simple_gesture_detector
      url: "https://pub.flutter-io.cn"
    source: hosted
    version: "0.1.3"
  sky_engine:
    dependency: transitive
    description: flutter
    source: sdk
    version: "0.0.99"
  source_span:
    dependency: transitive
    description:
      name: source_span
      url: "https://pub.flutter-io.cn"
    source: hosted
    version: "1.5.5"
  sqflite:
    dependency: "direct main"
    description:
      name: sqflite
      url: "https://pub.flutter-io.cn"
    source: hosted
    version: "1.1.7+2"
  stack_trace:
    dependency: transitive
    description:
      name: stack_trace
      url: "https://pub.flutter-io.cn"
    source: hosted
    version: "1.9.3"
  stream_channel:
    dependency: transitive
    description:
      name: stream_channel
      url: "https://pub.flutter-io.cn"
    source: hosted
    version: "2.0.0"
  string_scanner:
    dependency: transitive
    description:
      name: string_scanner
      url: "https://pub.flutter-io.cn"
    source: hosted
    version: "1.0.5"
  synchronized:
    dependency: transitive
    description:
      name: synchronized
      url: "https://pub.flutter-io.cn"
    source: hosted
    version: "2.1.0+1"
  table_calendar:
    dependency: "direct main"
    description:
      name: table_calendar
      url: "https://pub.flutter-io.cn"
    source: hosted
    version: "2.1.0"
  term_glyph:
    dependency: transitive
    description:
      name: term_glyph
      url: "https://pub.flutter-io.cn"
    source: hosted
    version: "1.1.0"
  test_api:
    dependency: transitive
    description:
      name: test_api
      url: "https://pub.flutter-io.cn"
    source: hosted
    version: "0.2.5"
  tobias:
    dependency: "direct main"
    description:
      name: tobias
      url: "https://pub.flutter-io.cn"
    source: hosted
    version: "1.2.0"
  transformer_page_view:
    dependency: transitive
    description:
      name: transformer_page_view
      url: "https://pub.flutter-io.cn"
    source: hosted
    version: "0.1.6"
  typed_data:
    dependency: transitive
    description:
      name: typed_data
      url: "https://pub.flutter-io.cn"
    source: hosted
    version: "1.1.6"
  url_launcher:
    dependency: "direct main"
    description:
      name: url_launcher
      url: "https://pub.flutter-io.cn"
    source: hosted
    version: "5.2.5"
  url_launcher_platform_interface:
    dependency: transitive
    description:
      name: url_launcher_platform_interface
      url: "https://pub.flutter-io.cn"
    source: hosted
    version: "1.0.1"
  uuid:
    dependency: transitive
    description:
      name: uuid
      url: "https://pub.flutter-io.cn"
    source: hosted
    version: "2.0.2"
  vector_math:
    dependency: transitive
    description:
      name: vector_math
      url: "https://pub.flutter-io.cn"
    source: hosted
    version: "2.0.8"
  web_socket_channel:
    dependency: "direct main"
    description:
      name: web_socket_channel
      url: "https://pub.flutter-io.cn"
    source: hosted
    version: "1.1.0"
sdks:
  dart: ">=2.5.0 <3.0.0"
  flutter: ">=1.9.1+hotfix.4 <2.0.0"
